# THIS IS AN AUTOGENERATED FILE. DO NOT EDIT THIS FILE DIRECTLY.
# yarn lockfile v1


"@react-spring/animated@~9.3.0":
  version "9.3.1"
  resolved "https://registry.yarnpkg.com/@react-spring/animated/-/animated-9.3.1.tgz#ffc4706121e8406efeaeacb407b42b5022943b46"
  integrity sha512-23YaERZ++BwZ8F8PxPFqrpOwp/JZun1Pj6aHZtPAU42j5LycBRasT9XMw7Eyr7zNFhT+rl3R3wFfd4WX6Ax+UA==
  dependencies:
    "@react-spring/shared" "~9.3.0"
    "@react-spring/types" "~9.3.0"

"@react-spring/core@~9.3.0":
  version "9.3.1"
  resolved "https://registry.yarnpkg.com/@react-spring/core/-/core-9.3.1.tgz#b98e1dca1eb4871dec75fdab350327e8a5222865"
  integrity sha512-8rmfmEHLHGtF1CUiXRn64YJqsXNxv2cGX8oNnBnsuoE33c48Zc34t2VIMB4R9q5zwIUCvDBGfiEenA8ZAPxqOQ==
  dependencies:
    "@react-spring/animated" "~9.3.0"
    "@react-spring/shared" "~9.3.0"
    "@react-spring/types" "~9.3.0"

"@react-spring/konva@~9.3.0":
  version "9.3.1"
  resolved "https://registry.yarnpkg.com/@react-spring/konva/-/konva-9.3.1.tgz#7a915c1c912a81dc27d1a1bc31eb47c0a2a0c643"
  integrity sha512-woG2DeDcUlz5hB8g9pA/tyUWU6dMrAzyUsNiBWVCyI9UqKA7CUKjz+ODOUi+hS++3Kz7kZSr3u0zzHHfxvoTPQ==
  dependencies:
    "@react-spring/animated" "~9.3.0"
    "@react-spring/core" "~9.3.0"
    "@react-spring/shared" "~9.3.0"
    "@react-spring/types" "~9.3.0"

"@react-spring/native@~9.3.0":
  version "9.3.1"
  resolved "https://registry.yarnpkg.com/@react-spring/native/-/native-9.3.1.tgz#e1ac9d04d833b8d97e2d63630c4204f71915a29a"
  integrity sha512-NAC1wHIUvy1umCVQRxcS+31Dmr9NszBY06sHy3jR8/HVuKNtaDUARVF3AYL/HfbIy4m6yR3tcIkM2NQ0SO+rZA==
  dependencies:
    "@react-spring/animated" "~9.3.0"
    "@react-spring/core" "~9.3.0"
    "@react-spring/shared" "~9.3.0"
    "@react-spring/types" "~9.3.0"

"@react-spring/rafz@~9.3.0":
  version "9.3.1"
  resolved "https://registry.yarnpkg.com/@react-spring/rafz/-/rafz-9.3.1.tgz#8dd6a598ffea487252b75d05d199e4aca5ea9d5e"
  integrity sha512-fEBMCarGVl+/2kdO+g6Zig4F+3ymwmcGN8S71gb1c7Cbbxb87kviPz8EhshfIHoiLeJPGlqwcuGbxNmZbBamvA==

"@react-spring/shared@~9.3.0":
  version "9.3.1"
  resolved "https://registry.yarnpkg.com/@react-spring/shared/-/shared-9.3.1.tgz#e7f22a4b8f5fea4491fa6a24c108db5abd19ddba"
  integrity sha512-jhPpxzURGo6Nty90ex1lkxmZae7w/VAbnGmb/nXcYoZwSoNR+W2aAd00iXsh2ZGz6MgoJOsc495JeG3uC7Am8A==
  dependencies:
    "@react-spring/rafz" "~9.3.0"
    "@react-spring/types" "~9.3.0"

"@react-spring/three@~9.3.0":
  version "9.3.1"
  resolved "https://registry.yarnpkg.com/@react-spring/three/-/three-9.3.1.tgz#91a50851639c5a88fed8f76b4e25ff388d2b24e7"
  integrity sha512-40iRIX2DrY+a81hIliOog6TMg/ZAtHGeZr95r0vKAsl+iX1g9Hs8XCS4wTeQIUgydZpbpShk/JL6mkcstEfBdw==
  dependencies:
    "@react-spring/animated" "~9.3.0"
    "@react-spring/core" "~9.3.0"
    "@react-spring/shared" "~9.3.0"
    "@react-spring/types" "~9.3.0"

"@react-spring/types@~9.3.0":
  version "9.3.1"
  resolved "https://registry.yarnpkg.com/@react-spring/types/-/types-9.3.1.tgz#20f392ecad15a1ea6c0865ffe86ca5016c05a278"
  integrity sha512-W/YMJMX35XgGGzX0gKORBTwnvQ+1loDOFN3XlZkW5fgpEY+7VkRUpPyqPWXQr3n6lHrsLmHIGdpznqZi54ACTQ==

"@react-spring/web@~9.3.0":
  version "9.3.1"
  resolved "https://registry.yarnpkg.com/@react-spring/web/-/web-9.3.1.tgz#5b377ba7ad52e746c2b59e2738c021de3f219d0b"
  integrity sha512-sisZIgFGva/Z+xKWPSfXpukF0AP3kR9ALTxlHL87fVotMUCJX5vtH/YlVcywToEFwTHKt3MpI5Wy2M+vgVEeaw==
  dependencies:
    "@react-spring/animated" "~9.3.0"
    "@react-spring/core" "~9.3.0"
    "@react-spring/shared" "~9.3.0"
    "@react-spring/types" "~9.3.0"

"@react-spring/zdog@~9.3.0":
  version "9.3.1"
  resolved "https://registry.yarnpkg.com/@react-spring/zdog/-/zdog-9.3.1.tgz#70fccd80c35248217de6252c4c2ffca16b4cff2f"
  integrity sha512-QflA/fII9zWe9CSOA8QGSLMjUwyrtD1TX6YVzUSn/nlr2f7PlZPijdpdu9Cvdirgss472cUS7cRIUfll0TepqA==
  dependencies:
    "@react-spring/animated" "~9.3.0"
    "@react-spring/core" "~9.3.0"
    "@react-spring/shared" "~9.3.0"
    "@react-spring/types" "~9.3.0"

"@types/prop-types@*":
  version "15.7.4"
  resolved "https://registry.yarnpkg.com/@types/prop-types/-/prop-types-15.7.4.tgz#fcf7205c25dff795ee79af1e30da2c9790808f11"
  integrity sha512-rZ5drC/jWjrArrS8BR6SIr4cWpW09RNTYt9AMZo3Jwwif+iacXAqgVjm0B0Bv/S1jhDXKHqRVNCbACkJ89RAnQ==

"@types/react-dom@17.0.11":
  version "17.0.11"
  resolved "https://registry.yarnpkg.com/@types/react-dom/-/react-dom-17.0.11.tgz#e1eadc3c5e86bdb5f7684e00274ae228e7bcc466"
  integrity sha512-f96K3k+24RaLGVu/Y2Ng3e1EbZ8/cVJvypZWd7cy0ofCBaf2lcM46xNhycMZ2xGwbBjRql7hOlZ+e2WlJ5MH3Q==
  dependencies:
    "@types/react" "*"

"@types/react@*", "@types/react@17.0.37":
  version "17.0.37"
  resolved "https://registry.yarnpkg.com/@types/react/-/react-17.0.37.tgz#6884d0aa402605935c397ae689deed115caad959"
  integrity sha512-2FS1oTqBGcH/s0E+CjrCCR9+JMpsu9b69RTFO+40ua43ZqP5MmQ4iUde/dMjWR909KxZwmOQIFq6AV6NjEG5xg==
  dependencies:
    "@types/prop-types" "*"
    "@types/scheduler" "*"
    csstype "^3.0.2"

"@types/scheduler@*":
  version "0.16.2"
  resolved "https://registry.yarnpkg.com/@types/scheduler/-/scheduler-0.16.2.tgz#1a62f89525723dde24ba1b01b092bf5df8ad4d39"
  integrity sha512-hppQEBDmlwhFAXKJX2KnWLYu5yMfi91yazPb2l+lbJiwW+wdo1gNeRA+3RgNSO39WYX2euey41KEwnqesU2Jew==

csstype@^3.0.2:
  version "3.0.10"
  resolved "https://registry.yarnpkg.com/csstype/-/csstype-3.0.10.tgz#2ad3a7bed70f35b965707c092e5f30b327c290e5"
  integrity sha512-2u44ZG2OcNUO9HDp/Jl8C07x6pU/eTR3ncV91SiK3dhG9TWvRVsCoJw14Ckx5DgWkzGA3waZWO3d7pgqpUI/XA==

"js-tokens@^3.0.0 || ^4.0.0":
  version "4.0.0"
  resolved "https://registry.yarnpkg.com/js-tokens/-/js-tokens-4.0.0.tgz#19203fb59991df98e3a287050d4647cdeaf32499"
  integrity sha512-RdJUflcE3cUzKiMqQgsCu06FPu9UdIJO0beYbPhHN4k6apgJtifcoCtT9bcxOpYBtpD2kCM6Sbzg4CausW/PKQ==

konva@8.3.1:
  version "8.3.1"
  resolved "https://registry.yarnpkg.com/konva/-/konva-8.3.1.tgz#9243cbfada641fdda166446c61cbfc1b6bf00217"
  integrity sha512-9YVM/nKWKTdGppPkhVY+E1FI+brrSmPygPO1qUSH2Dd7q0bgCX8V9DLqOp15myY7Wxmy5JDx9dWdd0fQZpikZw==

loose-envify@^1.1.0:
  version "1.4.0"
  resolved "https://registry.yarnpkg.com/loose-envify/-/loose-envify-1.4.0.tgz#71ee51fa7be4caec1a63839f7e682d8132d30caf"
  integrity sha512-lyuxPGr/Wfhrlem2CL/UcnUc1zcqKAImBDzukY7Y5F/yQiNdko6+fRLevlw1HgMySw7f611UIY408EtxRSoK3Q==
  dependencies:
    js-tokens "^3.0.0 || ^4.0.0"

object-assign@^4.1.1:
  version "4.1.1"
  resolved "https://registry.yarnpkg.com/object-assign/-/object-assign-4.1.1.tgz#2109adc7965887cfc05cbbd442cac8bfbb360863"
  integrity sha1-IQmtx5ZYh8/AXLvUQsrIv7s2CGM=

react-dom@17.0.2:
  version "17.0.2"
  resolved "https://registry.yarnpkg.com/react-dom/-/react-dom-17.0.2.tgz#ecffb6845e3ad8dbfcdc498f0d0a939736502c23"
  integrity sha512-s4h96KtLDUQlsENhMn1ar8t2bEa+q/YAtj8pPPdIjPDGBDIVNsrD9aXNWqspUe6AzKCIG0C1HZZLqLV7qpOBGA==
  dependencies:
    loose-envify "^1.1.0"
    object-assign "^4.1.1"
    scheduler "^0.20.2"

react-konva@17.0.2-5:
  version "17.0.2-5"
  resolved "https://registry.yarnpkg.com/react-konva/-/react-konva-17.0.2-5.tgz#e70b0acf323402de0a540f27b300fbe7ed151849"
  integrity sha512-IyzdfqRDK8r1ulp/jbLPX18AuO+n5yNtL0+4T0QEUsgArRqIl/VRCG1imA5mYJBk0cBNC5+fWDHN+HWEW62ZEQ==
  dependencies:
    react-reconciler "~0.26.2"
    scheduler "^0.20.2"

react-reconciler@~0.26.2:
  version "0.26.2"
  resolved "https://registry.yarnpkg.com/react-reconciler/-/react-reconciler-0.26.2.tgz#bbad0e2d1309423f76cf3c3309ac6c96e05e9d91"
  integrity sha512-nK6kgY28HwrMNwDnMui3dvm3rCFjZrcGiuwLc5COUipBK5hWHLOxMJhSnSomirqWwjPBJKV1QcbkI0VJr7Gl1Q==
  dependencies:
    loose-envify "^1.1.0"
    object-assign "^4.1.1"
    scheduler "^0.20.2"

react-spring@9.3.2:
  version "9.3.2"
  resolved "https://registry.yarnpkg.com/react-spring/-/react-spring-9.3.2.tgz#1456ef1ab1a3997c6c39693a9fd18cfd46c92930"
  integrity sha512-LMFgjvTJVg2ltthzgJcZ7siOdRig7L8wJZIHrc7p6ss4AaJ446xHzm9L2ZQha1ZC9QVY8/e6XfLhMTFAG6dtjw==
  dependencies:
    "@react-spring/core" "~9.3.0"
    "@react-spring/konva" "~9.3.0"
    "@react-spring/native" "~9.3.0"
    "@react-spring/three" "~9.3.0"
    "@react-spring/web" "~9.3.0"
    "@react-spring/zdog" "~9.3.0"

react@17.0.2:
  version "17.0.2"
  resolved "https://registry.yarnpkg.com/react/-/react-17.0.2.tgz#d0b5cc516d29eb3eee383f75b62864cfb6800037"
  integrity sha512-gnhPt75i/dq/z3/6q/0asP78D0u592D5L1pd7M8P+dck6Fu/jJeL6iVVK23fptSUZj8Vjf++7wXA8UNclGQcbA==
  dependencies:
    loose-envify "^1.1.0"
    object-assign "^4.1.1"

scheduler@^0.20.2:
  version "0.20.2"
  resolved "https://registry.yarnpkg.com/scheduler/-/scheduler-0.20.2.tgz#4baee39436e34aa93b4874bddcbf0fe8b8b50e91"
  integrity sha512-2eWfGgAqqWFGqtdMmcL5zCMK1U8KlXv8SQFGglL3CEtd0aDVDWgeF/YoCmvln55m5zSk3J/20hTaSBeSObsQDQ==
  dependencies:
    loose-envify "^1.1.0"
    object-assign "^4.1.1"

typescript@4.5.3:
  version "4.5.3"
  resolved "https://registry.yarnpkg.com/typescript/-/typescript-4.5.3.tgz#afaa858e68c7103317d89eb90c5d8906268d353c"
  integrity sha512-eVYaEHALSt+s9LbvgEv4Ef+Tdq7hBiIZgii12xXJnukryt3pMgJf6aKhoCZ3FWQsu6sydEnkg11fYXLzhLBjeQ==
